
Microsoft Visual Studio Solution File, Format Version 12.00
# Visual Studio Version 17
VisualStudioVersion = 17.10.34825.169
MinimumVisualStudioVersion = 10.0.40219.1
Project("{FAE04EC0-301F-11D3-BF4B-00C04F79EFBC}") = "BlazorApp1", "BlazorApp1\BlazorApp1.csproj", "{90D8D760-A32B-4499-B191-2281323C455A}"
EndProject
Global
	GlobalSection(SolutionConfigurationPlatforms) = preSolution
		Debug|Any CPU = Debug|Any CPU
		Release|Any CPU = Release|Any CPU
	EndGlobalSection
	GlobalSection(ProjectConfigurationPlatforms) = postSolution
		{90D8D760-A32B-4499-B191-2281323C455A}.Debug|Any CPU.ActiveCfg = Debug|Any CPU
		{90D8D760-A32B-4499-B191-2281323C455A}.Debug|Any CPU.Build.0 = Debug|Any CPU
		{90D8D760-A32B-4499-B191-2281323C455A}.Release|Any CPU.ActiveCfg = Release|Any CPU
		{90D8D760-A32B-4499-B191-2281323C455A}.Release|Any CPU.Build.0 = Release|Any CPU
	EndGlobalSection
	GlobalSection(SolutionProperties) = preSolution
		HideSolutionNode = FALSE
	EndGlobalSection
	GlobalSection(ExtensibilityGlobals) = postSolution
		SolutionGuid = {A5A71430-8ADE-4BA0-821F-9CCA1C561E6D}
	EndGlobalSection
EndGlobal
